
Microsoft Visual Studio Solution File, Format Version 12.00
# Visual Studio Version 16
VisualStudioVersion = 25.0.1704.4
MinimumVisualStudioVersion = 10.0.40219.1
Project("{FAE04EC0-301F-11D3-BF4B-00C04F79EFBC}") = "Opgave 3.1", "Opgave 3.1\Opgave 3.1.csproj", "{4A738680-337D-413F-B17D-47D9902AFDD4}"
EndProject
Global
	GlobalSection(SolutionConfigurationPlatforms) = preSolution
		Debug|Any CPU = Debug|Any CPU
		Release|Any CPU = Release|Any CPU
	EndGlobalSection
	GlobalSection(ProjectConfigurationPlatforms) = postSolution
		{4A738680-337D-413F-B17D-47D9902AFDD4}.Debug|Any CPU.ActiveCfg = Debug|Any CPU
		{4A738680-337D-413F-B17D-47D9902AFDD4}.Debug|Any CPU.Build.0 = Debug|Any CPU
		{4A738680-337D-413F-B17D-47D9902AFDD4}.Release|Any CPU.ActiveCfg = Release|Any CPU
		{4A738680-337D-413F-B17D-47D9902AFDD4}.Release|Any CPU.Build.0 = Release|Any CPU
	EndGlobalSection
	GlobalSection(SolutionProperties) = preSolution
		HideSolutionNode = FALSE
	EndGlobalSection
	GlobalSection(ExtensibilityGlobals) = postSolution
		SolutionGuid = {F9241CF3-5DF5-49BF-9DB5-BE3B0CC53034}
	EndGlobalSection
EndGlobal
